
Microsoft Visual Studio Solution File, Format Version 12.00
# Visual Studio Version 17
VisualStudioVersion = 17.5.33530.505
MinimumVisualStudioVersion = 10.0.40219.1
Project("{FAE04EC0-301F-11D3-BF4B-00C04F79EFBC}") = "Frontier SDK", "Frontier SDK\Frontier SDK.csproj", "{27D251A1-2FC2-434A-9DDE-31164D19877D}"
EndProject
Global
	GlobalSection(SolutionConfigurationPlatforms) = preSolution
		Debug|Any CPU = Debug|Any CPU
		Release|Any CPU = Release|Any CPU
	EndGlobalSection
	GlobalSection(ProjectConfigurationPlatforms) = postSolution
		{27D251A1-2FC2-434A-9DDE-31164D19877D}.Debug|Any CPU.ActiveCfg = Debug|Any CPU
		{27D251A1-2FC2-434A-9DDE-31164D19877D}.Debug|Any CPU.Build.0 = Debug|Any CPU
		{27D251A1-2FC2-434A-9DDE-31164D19877D}.Release|Any CPU.ActiveCfg = Release|Any CPU
		{27D251A1-2FC2-434A-9DDE-31164D19877D}.Release|Any CPU.Build.0 = Release|Any CPU
	EndGlobalSection
	GlobalSection(SolutionProperties) = preSolution
		HideSolutionNode = FALSE
	EndGlobalSection
	GlobalSection(ExtensibilityGlobals) = postSolution
		SolutionGuid = {44D8C9F1-79AF-45FC-B5FD-C13F16CD9EC9}
	EndGlobalSection
EndGlobal
